{
  "requires": true,
  "lockfileVersion": 1,
  "dependencies": {
    "@web-auth/webauthn-helper": {
      "version": "0.0.13",
      "resolved": "https://registry.npmjs.org/@web-auth/webauthn-helper/-/webauthn-helper-0.0.13.tgz",
      "integrity": "sha512-yEXWTiZSGFYnCVEwOqWgZFrQ4MiW9WGAiAvdRD6NQRlp7sr39THZiGIix/x3y3zmnsUsZZ0iXQA8zG/gPESwzQ=="
    }
  }
}
